Microsoft Visual Studio Solution File, Format Version 12.00
# Visual Studio 2012
Project("{FAE04EC0-301F-11D3-BF4B-00C04F79EFBC}") = "BallChase", "BallChase.csproj", "{000613E5-8781-4288-875D-9F5FB8CA4537}"
EndProject
Global
	GlobalSection(SolutionConfigurationPlatforms) = preSolution
	Debug|Any CPU = Debug|Any CPU
	ExportDebug|Any CPU = ExportDebug|Any CPU
	ExportRelease|Any CPU = ExportRelease|Any CPU
	EndGlobalSection
	GlobalSection(ProjectConfigurationPlatforms) = postSolution
		{000613E5-8781-4288-875D-9F5FB8CA4537}.Debug|Any CPU.ActiveCfg = Debug|Any CPU
		{000613E5-8781-4288-875D-9F5FB8CA4537}.Debug|Any CPU.Build.0 = Debug|Any CPU
		{000613E5-8781-4288-875D-9F5FB8CA4537}.ExportDebug|Any CPU.ActiveCfg = ExportDebug|Any CPU
		{000613E5-8781-4288-875D-9F5FB8CA4537}.ExportDebug|Any CPU.Build.0 = ExportDebug|Any CPU
		{000613E5-8781-4288-875D-9F5FB8CA4537}.ExportRelease|Any CPU.ActiveCfg = ExportRelease|Any CPU
		{000613E5-8781-4288-875D-9F5FB8CA4537}.ExportRelease|Any CPU.Build.0 = ExportRelease|Any CPU
	EndGlobalSection
EndGlobal
